
Microsoft Visual Studio Solution File, Format Version 12.00
Project("{FAE04EC0-301F-11D3-BF4B-00C04F79EFBC}") = "BGFX_CS", "BGFX_CS\BGFX_CS.csproj", "{17203767-C161-422B-A337-78F5996EB0A6}"
EndProject
Global
	GlobalSection(SolutionConfigurationPlatforms) = preSolution
		Debug|Any CPU = Debug|Any CPU
		Release|Any CPU = Release|Any CPU
	EndGlobalSection
	GlobalSection(ProjectConfigurationPlatforms) = postSolution
		{17203767-C161-422B-A337-78F5996EB0A6}.Debug|Any CPU.ActiveCfg = Debug|Any CPU
		{17203767-C161-422B-A337-78F5996EB0A6}.Debug|Any CPU.Build.0 = Debug|Any CPU
		{17203767-C161-422B-A337-78F5996EB0A6}.Release|Any CPU.ActiveCfg = Release|Any CPU
		{17203767-C161-422B-A337-78F5996EB0A6}.Release|Any CPU.Build.0 = Release|Any CPU
	EndGlobalSection
EndGlobal
